
Microsoft Visual Studio Solution File, Format Version 12.00
# Visual Studio Version 16
VisualStudioVersion = 16.0.28917.182
MinimumVisualStudioVersion = 10.0.40219.1
Project("{FAE04EC0-301F-11D3-BF4B-00C04F79EFBC}") = "AdvancedEntityFramework", "src\AdvancedEntityFramework\AdvancedEntityFramework.csproj", "{0F8D80CB-5A1D-4906-B930-1AFEE9BEB0C5}"
EndProject
Global
	GlobalSection(SolutionConfigurationPlatforms) = preSolution
		Debug|Any CPU = Debug|Any CPU
		Release|Any CPU = Release|Any CPU
	EndGlobalSection
	GlobalSection(ProjectConfigurationPlatforms) = postSolution
		{0F8D80CB-5A1D-4906-B930-1AFEE9BEB0C5}.Debug|Any CPU.ActiveCfg = Debug|Any CPU
		{0F8D80CB-5A1D-4906-B930-1AFEE9BEB0C5}.Debug|Any CPU.Build.0 = Debug|Any CPU
		{0F8D80CB-5A1D-4906-B930-1AFEE9BEB0C5}.Release|Any CPU.ActiveCfg = Release|Any CPU
		{0F8D80CB-5A1D-4906-B930-1AFEE9BEB0C5}.Release|Any CPU.Build.0 = Release|Any CPU
	EndGlobalSection
	GlobalSection(SolutionProperties) = preSolution
		HideSolutionNode = FALSE
	EndGlobalSection
	GlobalSection(ExtensibilityGlobals) = postSolution
		SolutionGuid = {B0DED8C3-7114-4470-9923-39E46DEE4C64}
	EndGlobalSection
EndGlobal
